{
  "originHash" : "7e258c26315c54fe0867ce0b141516baf8bc8f2511965e634e202a9dab93d5b4",
  "pins" : [
    {
      "identity" : "dragon-medical-speechkit-ios",
      "kind" : "remoteSourceControl",
      "location" : "https://github.com/nuance-communications/Dragon-Medical-SpeechKit-iOS.git",
      "state" : {
        "revision" : "0452e453df5f1a1395d94c12089deb2b6fd448a7",
        "version" : "6.1.17"
      }
    }
  ],
  "version" : 3
}
