{
  "originHash" : "70bce3a47a62553275c194d7169c479fbdf874b725955875544a4f141800392a",
  "pins" : [
    {
      "identity" : "daxkit-sdk-ios",
      "kind" : "remoteSourceControl",
      "location" : "https://github.com/microsoftconnect/DAXKit-SDK-iOS",
      "state" : {
        "revision" : "b68b342b3d095b884f7b02281144583e58b86eb5",
        "version" : "1.6.1"
      }
    },
    {
      "identity" : "dragon-copilot-ui-sdk-ios",
      "kind" : "remoteSourceControl",
      "location" : "https://github.com/microsoftconnect/Dragon-Copilot-UI-SDK-iOS",
      "state" : {
        "revision" : "864551efd163c35e307181f9571338a583df1f3f",
        "version" : "5.0.0"
      }
    }
  ],
  "version" : 3
}
