{
  "originHash" : "70bce3a47a62553275c194d7169c479fbdf874b725955875544a4f141800392a",
  "pins" : [
    {
      "identity" : "daxkit-sdk-ios",
      "kind" : "remoteSourceControl",
      "location" : "https://github.com/microsoftconnect/DAXKit-SDK-iOS",
      "state" : {
        "revision" : "b87747768a9c9230a99d5460686c429c53139964",
        "version" : "1.5.1"
      }
    },
    {
      "identity" : "dragon-copilot-ui-sdk-ios",
      "kind" : "remoteSourceControl",
      "location" : "https://github.com/microsoftconnect/Dragon-Copilot-UI-SDK-iOS",
      "state" : {
        "branch" : "release/2.3.0",
        "revision" : "a6f7316315f1c691ce4080cab499e4d6498fea2c"
      }
    }
  ],
  "version" : 3
}
