{
  "originHash" : "70bce3a47a62553275c194d7169c479fbdf874b725955875544a4f141800392a",
  "pins" : [
    {
      "identity" : "dragon-copilot-ui-sdk-ios",
      "kind" : "remoteSourceControl",
      "location" : "https://github.com/microsoftconnect/Dragon-Copilot-UI-SDK-iOS",
      "state" : {
        "branch" : "release/2.0.0",
        "revision" : "2d782052833868d868294684e666e13265ba28aa"
      }
    }
  ],
  "version" : 3
}
